// !$*UTF8*$!
{
	archiveVersion = 1;
	classes = {
	};
	objectVersion = 50;
	objects = {

/* Begin PBXBuildFile section */
		340A25852706DADE0080E3C2 /* Constant.swift in Sources */ = {isa = PBXBuildFile; fileRef = 340A25842706DADE0080E3C2 /* Constant.swift */; };
		340A25872706DF790080E3C2 /* HideKeyboardExtension.swift in Sources */ = {isa = PBXBuildFile; fileRef = 340A25862706DF790080E3C2 /* HideKeyboardExtension.swift */; };
		340A25892706E2650080E3C2 /* BackgroundImageView.swift in Sources */ = {isa = PBXBuildFile; fileRef = 340A25882706E2650080E3C2 /* BackgroundImageView.swift */; };
		34A0A6732706F04400AB1B49 /* NewTaskItemView.swift in Sources */ = {isa = PBXBuildFile; fileRef = 34A0A6722706F04400AB1B49 /* NewTaskItemView.swift */; };
		34A0A6752706F69800AB1B49 /* BlankView.swift in Sources */ = {isa = PBXBuildFile; fileRef = 34A0A6742706F69800AB1B49 /* BlankView.swift */; };
		34A2D56C270614A2008E5B80 /* DevoteApp.swift in Sources */ = {isa = PBXBuildFile; fileRef = 34A2D56B270614A2008E5B80 /* DevoteApp.swift */; };
		34A2D56E270614A2008E5B80 /* ContentView.swift in Sources */ = {isa = PBXBuildFile; fileRef = 34A2D56D270614A2008E5B80 /* ContentView.swift */; };
		34A2D570270614A3008E5B80 /* Assets.xcassets in Resources */ = {isa = PBXBuildFile; fileRef = 34A2D56F270614A3008E5B80 /* Assets.xcassets */; };
		34A2D573270614A3008E5B80 /* Preview Assets.xcassets in Resources */ = {isa = PBXBuildFile; fileRef = 34A2D572270614A3008E5B80 /* Preview Assets.xcassets */; };
		34A2D575270614A3008E5B80 /* Persistence.swift in Sources */ = {isa = PBXBuildFile; fileRef = 34A2D574270614A3008E5B80 /* Persistence.swift */; };
		34A2D578270614A3008E5B80 /* Devote.xcdatamodeld in Sources */ = {isa = PBXBuildFile; fileRef = 34A2D576270614A3008E5B80 /* Devote.xcdatamodeld */; };
		34A2D58227061533008E5B80 /* sound-tap.mp3 in Resources */ = {isa = PBXBuildFile; fileRef = 34A2D57F27061533008E5B80 /* sound-tap.mp3 */; };
		34A2D58327061533008E5B80 /* sound-ding.mp3 in Resources */ = {isa = PBXBuildFile; fileRef = 34A2D58027061533008E5B80 /* sound-ding.mp3 */; };
		34A2D58427061533008E5B80 /* sound-rise.mp3 in Resources */ = {isa = PBXBuildFile; fileRef = 34A2D58127061533008E5B80 /* sound-rise.mp3 */; };
		34C429512711C947006AC02C /* SoundPlayer.swift in Sources */ = {isa = PBXBuildFile; fileRef = 34C429502711C947006AC02C /* SoundPlayer.swift */; };
		34D8F98027077B4D002329CE /* ListRowItemView.swift in Sources */ = {isa = PBXBuildFile; fileRef = 34D8F97F27077B4D002329CE /* ListRowItemView.swift */; };
		34D8F98227077E3F002329CE /* CheckboxStyle.swift in Sources */ = {isa = PBXBuildFile; fileRef = 34D8F98127077E3F002329CE /* CheckboxStyle.swift */; };
/* End PBXBuildFile section */

/* Begin PBXFileReference section */
		340A25842706DADE0080E3C2 /* Constant.swift */ = {isa = PBXFileReference; lastKnownFileType = sourcecode.swift; path = Constant.swift; sourceTree = "<group>"; };
		340A25862706DF790080E3C2 /* HideKeyboardExtension.swift */ = {isa = PBXFileReference; lastKnownFileType = sourcecode.swift; path = HideKeyboardExtension.swift; sourceTree = "<group>"; };
		340A25882706E2650080E3C2 /* BackgroundImageView.swift */ = {isa = PBXFileReference; lastKnownFileType = sourcecode.swift; path = BackgroundImageView.swift; sourceTree = "<group>"; };
		34A0A6722706F04400AB1B49 /* NewTaskItemView.swift */ = {isa = PBXFileReference; lastKnownFileType = sourcecode.swift; path = NewTaskItemView.swift; sourceTree = "<group>"; };
		34A0A6742706F69800AB1B49 /* BlankView.swift */ = {isa = PBXFileReference; lastKnownFileType = sourcecode.swift; path = BlankView.swift; sourceTree = "<group>"; };
		34A2D568270614A2008E5B80 /* Devote.app */ = {isa = PBXFileReference; explicitFileType = wrapper.application; includeInIndex = 0; path = Devote.app; sourceTree = BUILT_PRODUCTS_DIR; };
		34A2D56B270614A2008E5B80 /* DevoteApp.swift */ = {isa = PBXFileReference; lastKnownFileType = sourcecode.swift; path = DevoteApp.swift; sourceTree = "<group>"; };
		34A2D56D270614A2008E5B80 /* ContentView.swift */ = {isa = PBXFileReference; lastKnownFileType = sourcecode.swift; path = ContentView.swift; sourceTree = "<group>"; };
		34A2D56F270614A3008E5B80 /* Assets.xcassets */ = {isa = PBXFileReference; lastKnownFileType = folder.assetcatalog; path = Assets.xcassets; sourceTree = "<group>"; };
		34A2D572270614A3008E5B80 /* Preview Assets.xcassets */ = {isa = PBXFileReference; lastKnownFileType = folder.assetcatalog; path = "Preview Assets.xcassets"; sourceTree = "<group>"; };
		34A2D574270614A3008E5B80 /* Persistence.swift */ = {isa = PBXFileReference; lastKnownFileType = sourcecode.swift; path = Persistence.swift; sourceTree = "<group>"; };
		34A2D577270614A3008E5B80 /* Devote.xcdatamodel */ = {isa = PBXFileReference; lastKnownFileType = wrapper.xcdatamodel; path = Devote.xcdatamodel; sourceTree = "<group>"; };
		34A2D579270614A3008E5B80 /* Info.plist */ = {isa = PBXFileReference; lastKnownFileType = text.plist.xml; path = Info.plist; sourceTree = "<group>"; };
		34A2D57F27061533008E5B80 /* sound-tap.mp3 */ = {isa = PBXFileReference; lastKnownFileType = audio.mp3; path = "sound-tap.mp3"; sourceTree = "<group>"; };
		34A2D58027061533008E5B80 /* sound-ding.mp3 */ = {isa = PBXFileReference; lastKnownFileType = audio.mp3; path = "sound-ding.mp3"; sourceTree = "<group>"; };
		34A2D58127061533008E5B80 /* sound-rise.mp3 */ = {isa = PBXFileReference; lastKnownFileType = audio.mp3; path = "sound-rise.mp3"; sourceTree = "<group>"; };
		34C429502711C947006AC02C /* SoundPlayer.swift */ = {isa = PBXFileReference; lastKnownFileType = sourcecode.swift; path = SoundPlayer.swift; sourceTree = "<group>"; };
		34D8F97F27077B4D002329CE /* ListRowItemView.swift */ = {isa = PBXFileReference; lastKnownFileType = sourcecode.swift; path = ListRowItemView.swift; sourceTree = "<group>"; };
		34D8F98127077E3F002329CE /* CheckboxStyle.swift */ = {isa = PBXFileReference; lastKnownFileType = sourcecode.swift; path = CheckboxStyle.swift; sourceTree = "<group>"; };
/* End PBXFileReference section */

/* Begin PBXFrameworksBuildPhase section */
		34A2D565270614A2008E5B80 /* Frameworks */ = {
			isa = PBXFrameworksBuildPhase;
			buildActionMask = 2147483647;
			files = (
			);
			runOnlyForDeploymentPostprocessing = 0;
		};
/* End PBXFrameworksBuildPhase section */

/* Begin PBXGroup section */
		34A2D55F270614A2008E5B80 = {
			isa = PBXGroup;
			children = (
				34A2D56A270614A2008E5B80 /* Devote */,
				34A2D569270614A2008E5B80 /* Products */,
			);
			sourceTree = "<group>";
		};
		34A2D569270614A2008E5B80 /* Products */ = {
			isa = PBXGroup;
			children = (
				34A2D568270614A2008E5B80 /* Devote.app */,
			);
			name = Products;
			sourceTree = "<group>";
		};
		34A2D56A270614A2008E5B80 /* Devote */ = {
			isa = PBXGroup;
			children = (
				34A2D56B270614A2008E5B80 /* DevoteApp.swift */,
				34A2D5862706154A008E5B80 /* View */,
				34A2D58A27061586008E5B80 /* Model */,
				34A2D58927061570008E5B80 /* Style */,
				34A2D58827061565008E5B80 /* Utility */,
				34A2D5872706155D008E5B80 /* Extension */,
				34A2D58527061540008E5B80 /* Sound */,
				34A2D56F270614A3008E5B80 /* Assets.xcassets */,
				34A2D579270614A3008E5B80 /* Info.plist */,
				34A2D571270614A3008E5B80 /* Preview Content */,
			);
			path = Devote;
			sourceTree = "<group>";
		};
		34A2D571270614A3008E5B80 /* Preview Content */ = {
			isa = PBXGroup;
			children = (
				34A2D572270614A3008E5B80 /* Preview Assets.xcassets */,
			);
			path = "Preview Content";
			sourceTree = "<group>";
		};
		34A2D58527061540008E5B80 /* Sound */ = {
			isa = PBXGroup;
			children = (
				34A2D58027061533008E5B80 /* sound-ding.mp3 */,
				34A2D58127061533008E5B80 /* sound-rise.mp3 */,
				34A2D57F27061533008E5B80 /* sound-tap.mp3 */,
			);
			path = Sound;
			sourceTree = "<group>";
		};
		34A2D5862706154A008E5B80 /* View */ = {
			isa = PBXGroup;
			children = (
				34A2D56D270614A2008E5B80 /* ContentView.swift */,
				340A25882706E2650080E3C2 /* BackgroundImageView.swift */,
				34A0A6722706F04400AB1B49 /* NewTaskItemView.swift */,
				34A0A6742706F69800AB1B49 /* BlankView.swift */,
				34D8F97F27077B4D002329CE /* ListRowItemView.swift */,
			);
			path = View;
			sourceTree = "<group>";
		};
		34A2D5872706155D008E5B80 /* Extension */ = {
			isa = PBXGroup;
			children = (
				340A25862706DF790080E3C2 /* HideKeyboardExtension.swift */,
			);
			path = Extension;
			sourceTree = "<group>";
		};
		34A2D58827061565008E5B80 /* Utility */ = {
			isa = PBXGroup;
			children = (
				340A25842706DADE0080E3C2 /* Constant.swift */,
				34C429502711C947006AC02C /* SoundPlayer.swift */,
			);
			path = Utility;
			sourceTree = "<group>";
		};
		34A2D58927061570008E5B80 /* Style */ = {
			isa = PBXGroup;
			children = (
				34D8F98127077E3F002329CE /* CheckboxStyle.swift */,
			);
			path = Style;
			sourceTree = "<group>";
		};
		34A2D58A27061586008E5B80 /* Model */ = {
			isa = PBXGroup;
			children = (
				34A2D574270614A3008E5B80 /* Persistence.swift */,
				34A2D576270614A3008E5B80 /* Devote.xcdatamodeld */,
			);
			path = Model;
			sourceTree = "<group>";
		};
/* End PBXGroup section */

/* Begin PBXNativeTarget section */
		34A2D567270614A2008E5B80 /* Devote */ = {
			isa = PBXNativeTarget;
			buildConfigurationList = 34A2D57C270614A3008E5B80 /* Build configuration list for PBXNativeTarget "Devote" */;
			buildPhases = (
				34A2D564270614A2008E5B80 /* Sources */,
				34A2D565270614A2008E5B80 /* Frameworks */,
				34A2D566270614A2008E5B80 /* Resources */,
			);
			buildRules = (
			);
			dependencies = (
			);
			name = Devote;
			productName = Devote;
			productReference = 34A2D568270614A2008E5B80 /* Devote.app */;
			productType = "com.apple.product-type.application";
		};
/* End PBXNativeTarget section */

/* Begin PBXProject section */
		34A2D560270614A2008E5B80 /* Project object */ = {
			isa = PBXProject;
			attributes = {
				LastSwiftUpdateCheck = 1250;
				LastUpgradeCheck = 1250;
				TargetAttributes = {
					34A2D567270614A2008E5B80 = {
						CreatedOnToolsVersion = 12.5.1;
					};
				};
			};
			buildConfigurationList = 34A2D563270614A2008E5B80 /* Build configuration list for PBXProject "Devote" */;
			compatibilityVersion = "Xcode 9.3";
			developmentRegion = en;
			hasScannedForEncodings = 0;
			knownRegions = (
				en,
				Base,
			);
			mainGroup = 34A2D55F270614A2008E5B80;
			productRefGroup = 34A2D569270614A2008E5B80 /* Products */;
			projectDirPath = "";
			projectRoot = "";
			targets = (
				34A2D567270614A2008E5B80 /* Devote */,
			);
		};
/* End PBXProject section */

/* Begin PBXResourcesBuildPhase section */
		34A2D566270614A2008E5B80 /* Resources */ = {
			isa = PBXResourcesBuildPhase;
			buildActionMask = 2147483647;
			files = (
				34A2D58427061533008E5B80 /* sound-rise.mp3 in Resources */,
				34A2D58327061533008E5B80 /* sound-ding.mp3 in Resources */,
				34A2D58227061533008E5B80 /* sound-tap.mp3 in Resources */,
				34A2D573270614A3008E5B80 /* Preview Assets.xcassets in Resources */,
				34A2D570270614A3008E5B80 /* Assets.xcassets in Resources */,
			);
			runOnlyForDeploymentPostprocessing = 0;
		};
/* End PBXResourcesBuildPhase section */

/* Begin PBXSourcesBuildPhase section */
		34A2D564270614A2008E5B80 /* Sources */ = {
			isa = PBXSourcesBuildPhase;
			buildActionMask = 2147483647;
			files = (
				34A2D575270614A3008E5B80 /* Persistence.swift in Sources */,
				340A25892706E2650080E3C2 /* BackgroundImageView.swift in Sources */,
				34A2D56E270614A2008E5B80 /* ContentView.swift in Sources */,
				340A25872706DF790080E3C2 /* HideKeyboardExtension.swift in Sources */,
				34A0A6752706F69800AB1B49 /* BlankView.swift in Sources */,
				340A25852706DADE0080E3C2 /* Constant.swift in Sources */,
				34D8F98027077B4D002329CE /* ListRowItemView.swift in Sources */,
				34A2D578270614A3008E5B80 /* Devote.xcdatamodeld in Sources */,
				34A2D56C270614A2008E5B80 /* DevoteApp.swift in Sources */,
				34D8F98227077E3F002329CE /* CheckboxStyle.swift in Sources */,
				34C429512711C947006AC02C /* SoundPlayer.swift in Sources */,
				34A0A6732706F04400AB1B49 /* NewTaskItemView.swift in Sources */,
			);
			runOnlyForDeploymentPostprocessing = 0;
		};
/* End PBXSourcesBuildPhase section */

/* Begin XCBuildConfiguration section */
		34A2D57A270614A3008E5B80 /* Debug */ = {
			isa = XCBuildConfiguration;
			buildSettings = {
				ALWAYS_SEARCH_USER_PATHS = NO;
				CLANG_ANALYZER_NONNULL = YES;
				CLANG_ANALYZER_NUMBER_OBJECT_CONVERSION = YES_AGGRESSIVE;
				CLANG_CXX_LANGUAGE_STANDARD = "gnu++14";
				CLANG_CXX_LIBRARY = "libc++";
				CLANG_ENABLE_MODULES = YES;
				CLANG_ENABLE_OBJC_ARC = YES;
				CLANG_ENABLE_OBJC_WEAK = YES;
				CLANG_WARN_BLOCK_CAPTURE_AUTORELEASING = YES;
				CLANG_WARN_BOOL_CONVERSION = YES;
				CLANG_WARN_COMMA = YES;
				CLANG_WARN_CONSTANT_CONVERSION = YES;
				CLANG_WARN_DEPRECATED_OBJC_IMPLEMENTATIONS = YES;
				CLANG_WARN_DIRECT_OBJC_ISA_USAGE = YES_ERROR;
				CLANG_WARN_DOCUMENTATION_COMMENTS = YES;
				CLANG_WARN_EMPTY_BODY = YES;
				CLANG_WARN_ENUM_CONVERSION = YES;
				CLANG_WARN_INFINITE_RECURSION = YES;
				CLANG_WARN_INT_CONVERSION = YES;
				CLANG_WARN_NON_LITERAL_NULL_CONVERSION = YES;
				CLANG_WARN_OBJC_IMPLICIT_RETAIN_SELF = YES;
				CLANG_WARN_OBJC_LITERAL_CONVERSION = YES;
				CLANG_WARN_OBJC_ROOT_CLASS = YES_ERROR;
				CLANG_WARN_QUOTED_INCLUDE_IN_FRAMEWORK_HEADER = YES;
				CLANG_WARN_RANGE_LOOP_ANALYSIS = YES;
				CLANG_WARN_STRICT_PROTOTYPES = YES;
				CLANG_WARN_SUSPICIOUS_MOVE = YES;
				CLANG_WARN_UNGUARDED_AVAILABILITY = YES_AGGRESSIVE;
				CLANG_WARN_UNREACHABLE_CODE = YES;
				CLANG_WARN__DUPLICATE_METHOD_MATCH = YES;
				COPY_PHASE_STRIP = NO;
				DEBUG_INFORMATION_FORMAT = dwarf;
				ENABLE_STRICT_OBJC_MSGSEND = YES;
				ENABLE_TESTABILITY = YES;
				GCC_C_LANGUAGE_STANDARD = gnu11;
				GCC_DYNAMIC_NO_PIC = NO;
				GCC_NO_COMMON_BLOCKS = YES;
				GCC_OPTIMIZATION_LEVEL = 0;
				GCC_PREPROCESSOR_DEFINITIONS = (
					"DEBUG=1",
					"$(inherited)",
				);
				GCC_WARN_64_TO_32_BIT_CONVERSION = YES;
				GCC_WARN_ABOUT_RETURN_TYPE = YES_ERROR;
				GCC_WARN_UNDECLARED_SELECTOR = YES;
				GCC_WARN_UNINITIALIZED_AUTOS = YES_AGGRESSIVE;
				GCC_WARN_UNUSED_FUNCTION = YES;
				GCC_WARN_UNUSED_VARIABLE = YES;
				IPHONEOS_DEPLOYMENT_TARGET = 14.5;
				MTL_ENABLE_DEBUG_INFO = INCLUDE_SOURCE;
				MTL_FAST_MATH = YES;
				ONLY_ACTIVE_ARCH = YES;
				SDKROOT = iphoneos;
				SWIFT_ACTIVE_COMPILATION_CONDITIONS = DEBUG;
				SWIFT_OPTIMIZATION_LEVEL = "-Onone";
			};
			name = Debug;
		};
		34A2D57B270614A3008E5B80 /* Release */ = {
			isa = XCBuildConfiguration;
			buildSettings = {
				ALWAYS_SEARCH_USER_PATHS = NO;
				CLANG_ANALYZER_NONNULL = YES;
				CLANG_ANALYZER_NUMBER_OBJECT_CONVERSION = YES_AGGRESSIVE;
				CLANG_CXX_LANGUAGE_STANDARD = "gnu++14";
				CLANG_CXX_LIBRARY = "libc++";
				CLANG_ENABLE_MODULES = YES;
				CLANG_ENABLE_OBJC_ARC = YES;
				CLANG_ENABLE_OBJC_WEAK = YES;
				CLANG_WARN_BLOCK_CAPTURE_AUTORELEASING = YES;
				CLANG_WARN_BOOL_CONVERSION = YES;
				CLANG_WARN_COMMA = YES;
				CLANG_WARN_CONSTANT_CONVERSION = YES;
				CLANG_WARN_DEPRECATED_OBJC_IMPLEMENTATIONS = YES;
				CLANG_WARN_DIRECT_OBJC_ISA_USAGE = YES_ERROR;
				CLANG_WARN_DOCUMENTATION_COMMENTS = YES;
				CLANG_WARN_EMPTY_BODY = YES;
				CLANG_WARN_ENUM_CONVERSION = YES;
				CLANG_WARN_INFINITE_RECURSION = YES;
				CLANG_WARN_INT_CONVERSION = YES;
				CLANG_WARN_NON_LITERAL_NULL_CONVERSION = YES;
				CLANG_WARN_OBJC_IMPLICIT_RETAIN_SELF = YES;
				CLANG_WARN_OBJC_LITERAL_CONVERSION = YES;
				CLANG_WARN_OBJC_ROOT_CLASS = YES_ERROR;
				CLANG_WARN_QUOTED_INCLUDE_IN_FRAMEWORK_HEADER = YES;
				CLANG_WARN_RANGE_LOOP_ANALYSIS = YES;
				CLANG_WARN_STRICT_PROTOTYPES = YES;
				CLANG_WARN_SUSPICIOUS_MOVE = YES;
				CLANG_WARN_UNGUARDED_AVAILABILITY = YES_AGGRESSIVE;
				CLANG_WARN_UNREACHABLE_CODE = YES;
				CLANG_WARN__DUPLICATE_METHOD_MATCH = YES;
				COPY_PHASE_STRIP = NO;
				DEBUG_INFORMATION_FORMAT = "dwarf-with-dsym";
				ENABLE_NS_ASSERTIONS = NO;
				ENABLE_STRICT_OBJC_MSGSEND = YES;
				GCC_C_LANGUAGE_STANDARD = gnu11;
				GCC_NO_COMMON_BLOCKS = YES;
				GCC_WARN_64_TO_32_BIT_CONVERSION = YES;
				GCC_WARN_ABOUT_RETURN_TYPE = YES_ERROR;
				GCC_WARN_UNDECLARED_SELECTOR = YES;
				GCC_WARN_UNINITIALIZED_AUTOS = YES_AGGRESSIVE;
				GCC_WARN_UNUSED_FUNCTION = YES;
				GCC_WARN_UNUSED_VARIABLE = YES;
				IPHONEOS_DEPLOYMENT_TARGET = 14.5;
				MTL_ENABLE_DEBUG_INFO = NO;
				MTL_FAST_MATH = YES;
				SDKROOT = iphoneos;
				SWIFT_COMPILATION_MODE = wholemodule;
				SWIFT_OPTIMIZATION_LEVEL = "-O";
				VALIDATE_PRODUCT = YES;
			};
			name = Release;
		};
		34A2D57D270614A3008E5B80 /* Debug */ = {
			isa = XCBuildConfiguration;
			buildSettings = {
				ASSETCATALOG_COMPILER_APPICON_NAME = AppIcon;
				ASSETCATALOG_COMPILER_GLOBAL_ACCENT_COLOR_NAME = AccentColor;
				CODE_SIGN_STYLE = Automatic;
				DEVELOPMENT_ASSET_PATHS = "\"Devote/Preview Content\"";
				DEVELOPMENT_TEAM = 7W6J5595P9;
				ENABLE_PREVIEWS = YES;
				INFOPLIST_FILE = Devote/Info.plist;
				IPHONEOS_DEPLOYMENT_TARGET = 14.0;
				LD_RUNPATH_SEARCH_PATHS = (
					"$(inherited)",
					"@executable_path/Frameworks",
				);
				PRODUCT_BUNDLE_IDENTIFIER = com.faiqaly.Devote;
				PRODUCT_NAME = "$(TARGET_NAME)";
				SWIFT_VERSION = 5.0;
				TARGETED_DEVICE_FAMILY = "1,2";
			};
			name = Debug;
		};
		34A2D57E270614A3008E5B80 /* Release */ = {
			isa = XCBuildConfiguration;
			buildSettings = {
				ASSETCATALOG_COMPILER_APPICON_NAME = AppIcon;
				ASSETCATALOG_COMPILER_GLOBAL_ACCENT_COLOR_NAME = AccentColor;
				CODE_SIGN_STYLE = Automatic;
				DEVELOPMENT_ASSET_PATHS = "\"Devote/Preview Content\"";
				DEVELOPMENT_TEAM = 7W6J5595P9;
				ENABLE_PREVIEWS = YES;
				INFOPLIST_FILE = Devote/Info.plist;
				IPHONEOS_DEPLOYMENT_TARGET = 14.0;
				LD_RUNPATH_SEARCH_PATHS = (
					"$(inherited)",
					"@executable_path/Frameworks",
				);
				PRODUCT_BUNDLE_IDENTIFIER = com.faiqaly.Devote;
				PRODUCT_NAME = "$(TARGET_NAME)";
				SWIFT_VERSION = 5.0;
				TARGETED_DEVICE_FAMILY = "1,2";
			};
			name = Release;
		};
/* End XCBuildConfiguration section */

/* Begin XCConfigurationList section */
		34A2D563270614A2008E5B80 /* Build configuration list for PBXProject "Devote" */ = {
			isa = XCConfigurationList;
			buildConfigurations = (
				34A2D57A270614A3008E5B80 /* Debug */,
				34A2D57B270614A3008E5B80 /* Release */,
			);
			defaultConfigurationIsVisible = 0;
			defaultConfigurationName = Release;
		};
		34A2D57C270614A3008E5B80 /* Build configuration list for PBXNativeTarget "Devote" */ = {
			isa = XCConfigurationList;
			buildConfigurations = (
				34A2D57D270614A3008E5B80 /* Debug */,
				34A2D57E270614A3008E5B80 /* Release */,
			);
			defaultConfigurationIsVisible = 0;
			defaultConfigurationName = Release;
		};
/* End XCConfigurationList section */

/* Begin XCVersionGroup section */
		34A2D576270614A3008E5B80 /* Devote.xcdatamodeld */ = {
			isa = XCVersionGroup;
			children = (
				34A2D577270614A3008E5B80 /* Devote.xcdatamodel */,
			);
			currentVersion = 34A2D577270614A3008E5B80 /* Devote.xcdatamodel */;
			path = Devote.xcdatamodeld;
			sourceTree = "<group>";
			versionGroupType = wrapper.xcdatamodel;
		};
/* End XCVersionGroup section */
	};
	rootObject = 34A2D560270614A2008E5B80 /* Project object */;
}
